
Microsoft Visual Studio Solution File, Format Version 12.00
Project("{FAE04EC0-301F-11D3-BF4B-00C04F79EFBC}") = "ex1_f", "ex1_f\ex1_f.csproj", "{86150523-BDBB-476E-A8EF-520D5A0FE0EA}"
EndProject
Global
	GlobalSection(SolutionConfigurationPlatforms) = preSolution
		Debug|Any CPU = Debug|Any CPU
		Release|Any CPU = Release|Any CPU
	EndGlobalSection
	GlobalSection(ProjectConfigurationPlatforms) = postSolution
		{86150523-BDBB-476E-A8EF-520D5A0FE0EA}.Debug|Any CPU.ActiveCfg = Debug|Any CPU
		{86150523-BDBB-476E-A8EF-520D5A0FE0EA}.Debug|Any CPU.Build.0 = Debug|Any CPU
		{86150523-BDBB-476E-A8EF-520D5A0FE0EA}.Release|Any CPU.ActiveCfg = Release|Any CPU
		{86150523-BDBB-476E-A8EF-520D5A0FE0EA}.Release|Any CPU.Build.0 = Release|Any CPU
	EndGlobalSection
EndGlobal
